// !$*UTF8*$!
{
	archiveVersion = 1;
	classes = {
	};
	objectVersion = 56;
	objects = {

/* Begin PBXBuildFile section */
		063B7ED7A558BAB3A4EDD9DC /* CustomTextField.swift in Sources */ = {isa = PBXBuildFile; fileRef = A5A6027B37EB8CB444D94089 /* CustomTextField.swift */; };
		07709118BD1B0BFFCB7FB713 /* AppDelegate.swift in Sources */ = {isa = PBXBuildFile; fileRef = 5E016CC05C96E88BAEA7E14A /* AppDelegate.swift */; };
		135BA16E1433FC315E95BCD2 /* FirebaseFirestore in Frameworks */ = {isa = PBXBuildFile; productRef = B2AEBB2159B798E1D93A9262 /* FirebaseFirestore */; };
		1AB80E5C8EFB9B61458FC778 /* BookingService.swift in Sources */ = {isa = PBXBuildFile; fileRef = 4C62F298AA459C2922FD8304 /* BookingService.swift */; };
		2BA2434398C9A96F339E9922 /* FirebaseAnalyticsSwift in Frameworks */ = {isa = PBXBuildFile; productRef = 05B3A26E8E77DD86EC721655 /* FirebaseAnalyticsSwift */; };
		317E5D1595D80686A83D37F7 /* SignUpView.swift in Sources */ = {isa = PBXBuildFile; fileRef = F75012303D7A5DCCF9CB6CD7 /* SignUpView.swift */; };
		36144EE0817157B026D3E4F7 /* SignInViewModel.swift in Sources */ = {isa = PBXBuildFile; fileRef = 3E016E65420CB183826E7CF2 /* SignInViewModel.swift */; };
		3FC8328177840006EE3A17E5 /* FirebaseMessaging in Frameworks */ = {isa = PBXBuildFile; productRef = DA7569F2639D3FC56FF9DDC9 /* FirebaseMessaging */; };
		4048F4FF173F9CBDAC4D0A43 /* Pods_CleanMateTests.framework in Frameworks */ = {isa = PBXBuildFile; fileRef = 762DFB85AD42B278D4B13C1D /* Pods_CleanMateTests.framework */; };
		53DB1F45EBDEDBD506781B22 /* BookingsViewModel.swift in Sources */ = {isa = PBXBuildFile; fileRef = A38283E052701AF912B79986 /* BookingsViewModel.swift */; };
		5967EA284F08F4E56264599D /* Main.storyboard in Resources */ = {isa = PBXBuildFile; fileRef = 221AF26DF02FAE94A200F166 /* Main.storyboard */; };
		5AB29E2F7516CD6E1D8C85BF /* BookingServiceTests.swift in Sources */ = {isa = PBXBuildFile; fileRef = 97EF2768ED534EDCF70DD64A /* BookingServiceTests.swift */; };
		60F82ED0E868A176748EDA98 /* FirebaseFirestoreSwift in Frameworks */ = {isa = PBXBuildFile; productRef = 034AB5EBD708C57124412650 /* FirebaseFirestoreSwift */; };
		6B9ADEE675832A4E5383DDB9 /* TestHelpers.swift in Sources */ = {isa = PBXBuildFile; fileRef = 7D8F1FF7BD4FB1B352006EFA /* TestHelpers.swift */; };
		722AE9432326C1DDD1722851 /* SceneDelegate.swift in Sources */ = {isa = PBXBuildFile; fileRef = 6BF52EA28B80829B8FFD9B31 /* SceneDelegate.swift */; };
		77BC7DA3D401ABCE93407139 /* FirebaseAnalyticsSwift in Frameworks */ = {isa = PBXBuildFile; productRef = 489EB2BE142E6A8DC5BF953A /* FirebaseAnalyticsSwift */; };
		7F6F8EAFE0D65E3911C81A4B /* FirebaseFirestoreSwift in Frameworks */ = {isa = PBXBuildFile; productRef = 3C98AFD87D98F5EAE86586F8 /* FirebaseFirestoreSwift */; };
		7FAEB3466A0C4FFD3BC041DA /* AddressFormView.swift in Sources */ = {isa = PBXBuildFile; fileRef = 1DD770454CB667B9D0297780 /* AddressFormView.swift */; };
		84E2E8A9BA0D8CE47B8F08C5 /* IQKeyboardManagerSwift in Frameworks */ = {isa = PBXBuildFile; productRef = B31B6A74DF19CC7654CD3D99 /* IQKeyboardManagerSwift */; };
		854494BCAACA42255B3C63BE /* PaymentView.swift in Sources */ = {isa = PBXBuildFile; fileRef = FB04D66DE2EC8E11613F8B2A /* PaymentView.swift */; };
		8610B2BCCF845781EE066CEB /* BookingView.swift in Sources */ = {isa = PBXBuildFile; fileRef = 01016DFF027E00894E321DCE /* BookingView.swift */; };
		8B8C2FA44E8C42ED5A8CCFAA /* CleanMateApp.swift in Sources */ = {isa = PBXBuildFile; fileRef = 6201F7FAFCC9918F92FDF288 /* CleanMateApp.swift */; };
		8F675F3791E4BA6B9D0B474E /* Pods_CleanMateUITests.framework in Frameworks */ = {isa = PBXBuildFile; fileRef = FE525E3BD8F5933FEBFA207F /* Pods_CleanMateUITests.framework */; };
		94343FF6F6F0A2D454E143C7 /* PaymentViewModel.swift in Sources */ = {isa = PBXBuildFile; fileRef = 099AD9A3F3DF44BC52276660 /* PaymentViewModel.swift */; };
		97590F460EFC17DF4D451A71 /* AuthenticationServiceTests.swift in Sources */ = {isa = PBXBuildFile; fileRef = 2BD1F498E6DE3ACE1D07BE08 /* AuthenticationServiceTests.swift */; };
		9797A6F6244AF1DA688A1D96 /* AuthenticationViewModelTests.swift in Sources */ = {isa = PBXBuildFile; fileRef = B5106F4D9A4FBCE8940C88D9 /* AuthenticationViewModelTests.swift */; };
		A0D506D779197F142C798F83 /* Pods_CleanMate.framework in Frameworks */ = {isa = PBXBuildFile; fileRef = 0BA4490994FF3A80C9AE547E /* Pods_CleanMate.framework */; };
		A196294E5E9AD748A1AB2BD1 /* FirebaseAuth in Frameworks */ = {isa = PBXBuildFile; productRef = 9A8DBB887E71AE3E84577646 /* FirebaseAuth */; };
		A3E5B49D203546849C4B3486 /* LaunchScreen.storyboard in Resources */ = {isa = PBXBuildFile; fileRef = D60659D7379D7B739B5F64BA /* LaunchScreen.storyboard */; };
		A429BF5A4B635F13C0860CDC /* AuthenticationService.swift in Sources */ = {isa = PBXBuildFile; fileRef = 8E6540BF938A4549BCADD70D /* AuthenticationService.swift */; };
		A4364957E1A74FFB71C6E549 /* SignInView.swift in Sources */ = {isa = PBXBuildFile; fileRef = 1AFFAFD0E31D4708EABFFEC9 /* SignInView.swift */; };
		A756447C362CEBE2BC98C251 /* CleaningService.swift in Sources */ = {isa = PBXBuildFile; fileRef = AD3F5DAA4804A9D4A7240ED0 /* CleaningService.swift */; };
		AC00D6E066A767C450E790A7 /* BookingsView.swift in Sources */ = {isa = PBXBuildFile; fileRef = D5ADC5A4CB24790080BFA186 /* BookingsView.swift */; };
		B06FAEB359244C18215CB473 /* BookingViewModelTests.swift in Sources */ = {isa = PBXBuildFile; fileRef = D31808A4F3039FF8BBED561B /* BookingViewModelTests.swift */; };
		B60452E54E2A63A6B489D7FA /* AddCardView.swift in Sources */ = {isa = PBXBuildFile; fileRef = FF601E2630FE70338D333F66 /* AddCardView.swift */; };
		BB3092C350EAEAA37D1BDB7A /* FirebaseAnalytics in Frameworks */ = {isa = PBXBuildFile; productRef = 211A795FD744303444C8ACAC /* FirebaseAnalytics */; };
		C2132C8C0C1B967010D53547 /* AppState.swift in Sources */ = {isa = PBXBuildFile; fileRef = 574C1FF353DD077E22745528 /* AppState.swift */; };
		CC5F27EBC67B9F8E40831705 /* CustomSecureField.swift in Sources */ = {isa = PBXBuildFile; fileRef = 6A3F62F5D60E695F8821F1E8 /* CustomSecureField.swift */; };
		D0DCE5829483ECC25148694F /* HomeView.swift in Sources */ = {isa = PBXBuildFile; fileRef = EF335954A4FCEDB649CE165E /* HomeView.swift */; };
		DE7BED2C68EB38A92405D5E4 /* FirebaseFirestore in Frameworks */ = {isa = PBXBuildFile; productRef = 38DA2EE0A018E274B2BEE7C9 /* FirebaseFirestore */; };
		ECEA87D5B1EB3B4E0BBFD860 /* SDWebImage in Frameworks */ = {isa = PBXBuildFile; productRef = D0486E575CB6116A3FBE0225 /* SDWebImage */; };
		F5C74A5B989D2442740C593B /* FirebaseAuth in Frameworks */ = {isa = PBXBuildFile; productRef = 9B3F2ACB6B9BB0FCAB85712F /* FirebaseAuth */; };
		F6215680FFCD8D8633A3B09F /* CleanMateUITests.swift in Sources */ = {isa = PBXBuildFile; fileRef = 1C16BB24E315C2427CF7EBF4 /* CleanMateUITests.swift */; };
		F873709A8BB19C047A12C767 /* BookingViewModel.swift in Sources */ = {isa = PBXBuildFile; fileRef = 15024A1A38819CF3C7B8A601 /* BookingViewModel.swift */; };
		FDBCBAF1E85CF4AB82AB88BA /* SignUpViewModel.swift in Sources */ = {isa = PBXBuildFile; fileRef = 73561C63F5BE6488D8628E86 /* SignUpViewModel.swift */; };
		FF6E9C39EAF616605B4D8B87 /* ContentView.swift in Sources */ = {isa = PBXBuildFile; fileRef = 0F0579006853CB0AC4C0FFC3 /* ContentView.swift */; };
/* End PBXBuildFile section */

/* Begin PBXContainerItemProxy section */
		DCD34DFE9E7655773980D048 /* PBXContainerItemProxy */ = {
			isa = PBXContainerItemProxy;
			containerPortal = 2E2359248DF66FA10B5C0731 /* Project object */;
			proxyType = 1;
			remoteGlobalIDString = 06C27E34622894600CC81FE7;
			remoteInfo = CleanMate;
		};
		FB90F3978AEA6EFA99884EB2 /* PBXContainerItemProxy */ = {
			isa = PBXContainerItemProxy;
			containerPortal = 2E2359248DF66FA10B5C0731 /* Project object */;
			proxyType = 1;
			remoteGlobalIDString = 06C27E34622894600CC81FE7;
			remoteInfo = CleanMate;
		};
/* End PBXContainerItemProxy section */

/* Begin PBXFileReference section */
		01016DFF027E00894E321DCE /* BookingView.swift */ = {isa = PBXFileReference; lastKnownFileType = sourcecode.swift; path = BookingView.swift; sourceTree = "<group>"; };
		03D6ACE54E2140C9333920D4 /* CleanMateTests.xctest */ = {isa = PBXFileReference; includeInIndex = 0; lastKnownFileType = wrapper.cfbundle; path = CleanMateTests.xctest; sourceTree = BUILT_PRODUCTS_DIR; };
		099AD9A3F3DF44BC52276660 /* PaymentViewModel.swift */ = {isa = PBXFileReference; lastKnownFileType = sourcecode.swift; path = PaymentViewModel.swift; sourceTree = "<group>"; };
		0BA4490994FF3A80C9AE547E /* Pods_CleanMate.framework */ = {isa = PBXFileReference; explicitFileType = wrapper.framework; includeInIndex = 0; path = Pods_CleanMate.framework; sourceTree = BUILT_PRODUCTS_DIR; };
		0F0579006853CB0AC4C0FFC3 /* ContentView.swift */ = {isa = PBXFileReference; lastKnownFileType = sourcecode.swift; path = ContentView.swift; sourceTree = "<group>"; };
		15024A1A38819CF3C7B8A601 /* BookingViewModel.swift */ = {isa = PBXFileReference; lastKnownFileType = sourcecode.swift; path = BookingViewModel.swift; sourceTree = "<group>"; };
		1AFFAFD0E31D4708EABFFEC9 /* SignInView.swift */ = {isa = PBXFileReference; lastKnownFileType = sourcecode.swift; path = SignInView.swift; sourceTree = "<group>"; };
		1C16BB24E315C2427CF7EBF4 /* CleanMateUITests.swift */ = {isa = PBXFileReference; lastKnownFileType = sourcecode.swift; path = CleanMateUITests.swift; sourceTree = "<group>"; };
		1DD770454CB667B9D0297780 /* AddressFormView.swift */ = {isa = PBXFileReference; lastKnownFileType = sourcecode.swift; path = AddressFormView.swift; sourceTree = "<group>"; };
		2BD1F498E6DE3ACE1D07BE08 /* AuthenticationServiceTests.swift */ = {isa = PBXFileReference; lastKnownFileType = sourcecode.swift; path = AuthenticationServiceTests.swift; sourceTree = "<group>"; };
		2EEEB690A18E2F1937CE390D /* Info.plist */ = {isa = PBXFileReference; lastKnownFileType = text.plist; path = Info.plist; sourceTree = "<group>"; };
		3E016E65420CB183826E7CF2 /* SignInViewModel.swift */ = {isa = PBXFileReference; lastKnownFileType = sourcecode.swift; path = SignInViewModel.swift; sourceTree = "<group>"; };
		41B9B2BB66AA087ADF6328BB /* Pods-CleanMate.release.xcconfig */ = {isa = PBXFileReference; includeInIndex = 1; lastKnownFileType = text.xcconfig; name = "Pods-CleanMate.release.xcconfig"; path = "Target Support Files/Pods-CleanMate/Pods-CleanMate.release.xcconfig"; sourceTree = "<group>"; };
		4AE0C49B9B1C7D130CF1290E /* Pods-CleanMateTests.debug.xcconfig */ = {isa = PBXFileReference; includeInIndex = 1; lastKnownFileType = text.xcconfig; name = "Pods-CleanMateTests.debug.xcconfig"; path = "Target Support Files/Pods-CleanMateTests/Pods-CleanMateTests.debug.xcconfig"; sourceTree = "<group>"; };
		4C62F298AA459C2922FD8304 /* BookingService.swift */ = {isa = PBXFileReference; lastKnownFileType = sourcecode.swift; path = BookingService.swift; sourceTree = "<group>"; };
		4D49DFC82D2DC64D76C4F5C0 /* Info.plist */ = {isa = PBXFileReference; lastKnownFileType = text.plist; path = Info.plist; sourceTree = "<group>"; };
		55670A759A494BCBBD9B9C11 /* CleanMateUITests.xctest */ = {isa = PBXFileReference; includeInIndex = 0; lastKnownFileType = wrapper.cfbundle; path = CleanMateUITests.xctest; sourceTree = BUILT_PRODUCTS_DIR; };
		574C1FF353DD077E22745528 /* AppState.swift */ = {isa = PBXFileReference; lastKnownFileType = sourcecode.swift; path = AppState.swift; sourceTree = "<group>"; };
		5E016CC05C96E88BAEA7E14A /* AppDelegate.swift */ = {isa = PBXFileReference; lastKnownFileType = sourcecode.swift; path = AppDelegate.swift; sourceTree = "<group>"; };
		6201F7FAFCC9918F92FDF288 /* CleanMateApp.swift */ = {isa = PBXFileReference; lastKnownFileType = sourcecode.swift; path = CleanMateApp.swift; sourceTree = "<group>"; };
		6A3F62F5D60E695F8821F1E8 /* CustomSecureField.swift */ = {isa = PBXFileReference; lastKnownFileType = sourcecode.swift; path = CustomSecureField.swift; sourceTree = "<group>"; };
		6BF52EA28B80829B8FFD9B31 /* SceneDelegate.swift */ = {isa = PBXFileReference; lastKnownFileType = sourcecode.swift; path = SceneDelegate.swift; sourceTree = "<group>"; };
		73561C63F5BE6488D8628E86 /* SignUpViewModel.swift */ = {isa = PBXFileReference; lastKnownFileType = sourcecode.swift; path = SignUpViewModel.swift; sourceTree = "<group>"; };
		762DFB85AD42B278D4B13C1D /* Pods_CleanMateTests.framework */ = {isa = PBXFileReference; explicitFileType = wrapper.framework; includeInIndex = 0; path = Pods_CleanMateTests.framework; sourceTree = BUILT_PRODUCTS_DIR; };
		7D8F1FF7BD4FB1B352006EFA /* TestHelpers.swift */ = {isa = PBXFileReference; lastKnownFileType = sourcecode.swift; path = TestHelpers.swift; sourceTree = "<group>"; };
		840EE1D72DE69C3BBC48F9D4 /* Pods-CleanMateUITests.release.xcconfig */ = {isa = PBXFileReference; includeInIndex = 1; lastKnownFileType = text.xcconfig; name = "Pods-CleanMateUITests.release.xcconfig"; path = "Target Support Files/Pods-CleanMateUITests/Pods-CleanMateUITests.release.xcconfig"; sourceTree = "<group>"; };
		87EB788E5548136F37D1DE87 /* Pods-CleanMate.debug.xcconfig */ = {isa = PBXFileReference; includeInIndex = 1; lastKnownFileType = text.xcconfig; name = "Pods-CleanMate.debug.xcconfig"; path = "Target Support Files/Pods-CleanMate/Pods-CleanMate.debug.xcconfig"; sourceTree = "<group>"; };
		8E6540BF938A4549BCADD70D /* AuthenticationService.swift */ = {isa = PBXFileReference; lastKnownFileType = sourcecode.swift; path = AuthenticationService.swift; sourceTree = "<group>"; };
		97EF2768ED534EDCF70DD64A /* BookingServiceTests.swift */ = {isa = PBXFileReference; lastKnownFileType = sourcecode.swift; path = BookingServiceTests.swift; sourceTree = "<group>"; };
		A38283E052701AF912B79986 /* BookingsViewModel.swift */ = {isa = PBXFileReference; lastKnownFileType = sourcecode.swift; path = BookingsViewModel.swift; sourceTree = "<group>"; };
		A5A6027B37EB8CB444D94089 /* CustomTextField.swift */ = {isa = PBXFileReference; lastKnownFileType = sourcecode.swift; path = CustomTextField.swift; sourceTree = "<group>"; };
		AD3F5DAA4804A9D4A7240ED0 /* CleaningService.swift */ = {isa = PBXFileReference; lastKnownFileType = sourcecode.swift; path = CleaningService.swift; sourceTree = "<group>"; };
		B4B15C27B01934DF7442D113 /* Base */ = {isa = PBXFileReference; lastKnownFileType = file.storyboard; name = Base; path = Base.lproj/LaunchScreen.storyboard; sourceTree = "<group>"; };
		B5106F4D9A4FBCE8940C88D9 /* AuthenticationViewModelTests.swift */ = {isa = PBXFileReference; lastKnownFileType = sourcecode.swift; path = AuthenticationViewModelTests.swift; sourceTree = "<group>"; };
		CA1B85CC11CA83090BCC42BA /* Base */ = {isa = PBXFileReference; lastKnownFileType = file.storyboard; name = Base; path = Base.lproj/Main.storyboard; sourceTree = "<group>"; };
		CE3705F0B7D01A8344F0ED58 /* Info.plist */ = {isa = PBXFileReference; lastKnownFileType = text.plist; path = Info.plist; sourceTree = "<group>"; };
		D31808A4F3039FF8BBED561B /* BookingViewModelTests.swift */ = {isa = PBXFileReference; lastKnownFileType = sourcecode.swift; path = BookingViewModelTests.swift; sourceTree = "<group>"; };
		D5ADC5A4CB24790080BFA186 /* BookingsView.swift */ = {isa = PBXFileReference; lastKnownFileType = sourcecode.swift; path = BookingsView.swift; sourceTree = "<group>"; };
		E414A03D81B95368B662973C /* Pods-CleanMateUITests.debug.xcconfig */ = {isa = PBXFileReference; includeInIndex = 1; lastKnownFileType = text.xcconfig; name = "Pods-CleanMateUITests.debug.xcconfig"; path = "Target Support Files/Pods-CleanMateUITests/Pods-CleanMateUITests.debug.xcconfig"; sourceTree = "<group>"; };
		EF335954A4FCEDB649CE165E /* HomeView.swift */ = {isa = PBXFileReference; lastKnownFileType = sourcecode.swift; path = HomeView.swift; sourceTree = "<group>"; };
		F75012303D7A5DCCF9CB6CD7 /* SignUpView.swift */ = {isa = PBXFileReference; lastKnownFileType = sourcecode.swift; path = SignUpView.swift; sourceTree = "<group>"; };
		F8B8167867BCED6ECEB80708 /* CleanMate.app */ = {isa = PBXFileReference; explicitFileType = wrapper.application; includeInIndex = 0; path = CleanMate.app; sourceTree = BUILT_PRODUCTS_DIR; };
		FB04D66DE2EC8E11613F8B2A /* PaymentView.swift */ = {isa = PBXFileReference; lastKnownFileType = sourcecode.swift; path = PaymentView.swift; sourceTree = "<group>"; };
		FCA5C1993C566D7F0500E2CD /* Pods-CleanMateTests.release.xcconfig */ = {isa = PBXFileReference; includeInIndex = 1; lastKnownFileType = text.xcconfig; name = "Pods-CleanMateTests.release.xcconfig"; path = "Target Support Files/Pods-CleanMateTests/Pods-CleanMateTests.release.xcconfig"; sourceTree = "<group>"; };
		FE525E3BD8F5933FEBFA207F /* Pods_CleanMateUITests.framework */ = {isa = PBXFileReference; explicitFileType = wrapper.framework; includeInIndex = 0; path = Pods_CleanMateUITests.framework; sourceTree = BUILT_PRODUCTS_DIR; };
		FF601E2630FE70338D333F66 /* AddCardView.swift */ = {isa = PBXFileReference; lastKnownFileType = sourcecode.swift; path = AddCardView.swift; sourceTree = "<group>"; };
/* End PBXFileReference section */

/* Begin PBXFrameworksBuildPhase section */
		0913DD41BBD282ED84E14BA4 /* Frameworks */ = {
			isa = PBXFrameworksBuildPhase;
			buildActionMask = 2147483647;
			files = (
				2BA2434398C9A96F339E9922 /* FirebaseAnalyticsSwift in Frameworks */,
				A196294E5E9AD748A1AB2BD1 /* FirebaseAuth in Frameworks */,
				135BA16E1433FC315E95BCD2 /* FirebaseFirestore in Frameworks */,
				60F82ED0E868A176748EDA98 /* FirebaseFirestoreSwift in Frameworks */,
				4048F4FF173F9CBDAC4D0A43 /* Pods_CleanMateTests.framework in Frameworks */,
			);
			runOnlyForDeploymentPostprocessing = 0;
		};
		40CF80B5430D0D7F1AE705C8 /* Frameworks */ = {
			isa = PBXFrameworksBuildPhase;
			buildActionMask = 2147483647;
			files = (
				8F675F3791E4BA6B9D0B474E /* Pods_CleanMateUITests.framework in Frameworks */,
			);
			runOnlyForDeploymentPostprocessing = 0;
		};
		56692A604A35EA1FC91477C1 /* Frameworks */ = {
			isa = PBXFrameworksBuildPhase;
			buildActionMask = 2147483647;
			files = (
				BB3092C350EAEAA37D1BDB7A /* FirebaseAnalytics in Frameworks */,
				77BC7DA3D401ABCE93407139 /* FirebaseAnalyticsSwift in Frameworks */,
				F5C74A5B989D2442740C593B /* FirebaseAuth in Frameworks */,
				DE7BED2C68EB38A92405D5E4 /* FirebaseFirestore in Frameworks */,
				7F6F8EAFE0D65E3911C81A4B /* FirebaseFirestoreSwift in Frameworks */,
				3FC8328177840006EE3A17E5 /* FirebaseMessaging in Frameworks */,
				ECEA87D5B1EB3B4E0BBFD860 /* SDWebImage in Frameworks */,
				84E2E8A9BA0D8CE47B8F08C5 /* IQKeyboardManagerSwift in Frameworks */,
				A0D506D779197F142C798F83 /* Pods_CleanMate.framework in Frameworks */,
			);
			runOnlyForDeploymentPostprocessing = 0;
		};
/* End PBXFrameworksBuildPhase section */

/* Begin PBXGroup section */
		047D0DBCCEB577919F87935E /* ViewModels */ = {
			isa = PBXGroup;
			children = (
				B5106F4D9A4FBCE8940C88D9 /* AuthenticationViewModelTests.swift */,
				D31808A4F3039FF8BBED561B /* BookingViewModelTests.swift */,
			);
			path = ViewModels;
			sourceTree = "<group>";
		};
		0A9E7828323DDF8BCD5DB537 /* ViewModels */ = {
			isa = PBXGroup;
			children = (
				15024A1A38819CF3C7B8A601 /* BookingViewModel.swift */,
			);
			path = ViewModels;
			sourceTree = "<group>";
		};
		1ACF04CE58746470598D5BA8 = {
			isa = PBXGroup;
			children = (
				96C2742BF4E0C1DE5C07E391 /* CleanMate */,
				AA5685413BBBB91736163277 /* CleanMateTests */,
				2329D61DC99EA13096B3D744 /* CleanMateUITests */,
				D68FB7A74CDC345FB216971E /* Products */,
				2C22AE0A836B3F1A62E1D814 /* Pods */,
				FC0A4D91310E8636EE40ED81 /* Frameworks */,
			);
			sourceTree = "<group>";
		};
		2329D61DC99EA13096B3D744 /* CleanMateUITests */ = {
			isa = PBXGroup;
			children = (
				1C16BB24E315C2427CF7EBF4 /* CleanMateUITests.swift */,
				2EEEB690A18E2F1937CE390D /* Info.plist */,
			);
			path = CleanMateUITests;
			sourceTree = "<group>";
		};
		2378CA1948622C443E5E535F /* Payment */ = {
			isa = PBXGroup;
			children = (
				AB1DE10CF913F2745A21CAB4 /* ViewModels */,
				BEF05BF24A0889F22D712D1D /* Views */,
			);
			path = Payment;
			sourceTree = "<group>";
		};
		24A0EBE60937D052295E10E3 /* Application */ = {
			isa = PBXGroup;
			children = (
				5E016CC05C96E88BAEA7E14A /* AppDelegate.swift */,
				6201F7FAFCC9918F92FDF288 /* CleanMateApp.swift */,
				6BF52EA28B80829B8FFD9B31 /* SceneDelegate.swift */,
			);
			path = Application;
			sourceTree = "<group>";
		};
		2C22AE0A836B3F1A62E1D814 /* Pods */ = {
			isa = PBXGroup;
			children = (
				87EB788E5548136F37D1DE87 /* Pods-CleanMate.debug.xcconfig */,
				41B9B2BB66AA087ADF6328BB /* Pods-CleanMate.release.xcconfig */,
				4AE0C49B9B1C7D130CF1290E /* Pods-CleanMateTests.debug.xcconfig */,
				FCA5C1993C566D7F0500E2CD /* Pods-CleanMateTests.release.xcconfig */,
				E414A03D81B95368B662973C /* Pods-CleanMateUITests.debug.xcconfig */,
				840EE1D72DE69C3BBC48F9D4 /* Pods-CleanMateUITests.release.xcconfig */,
			);
			name = Pods;
			path = ../Pods;
			sourceTree = "<group>";
		};
		369E1C0CAF449D8BD0001120 /* ViewModels */ = {
			isa = PBXGroup;
			children = (
				A38283E052701AF912B79986 /* BookingsViewModel.swift */,
			);
			path = ViewModels;
			sourceTree = "<group>";
		};
		4074748CA03DCCA03EDC58B4 /* Views */ = {
			isa = PBXGroup;
			children = (
				1DD770454CB667B9D0297780 /* AddressFormView.swift */,
				01016DFF027E00894E321DCE /* BookingView.swift */,
				EF335954A4FCEDB649CE165E /* HomeView.swift */,
			);
			path = Views;
			sourceTree = "<group>";
		};
		4CD256CF9BC3BC42279F76A9 /* ViewModels */ = {
			isa = PBXGroup;
			children = (
				3E016E65420CB183826E7CF2 /* SignInViewModel.swift */,
				73561C63F5BE6488D8628E86 /* SignUpViewModel.swift */,
			);
			path = ViewModels;
			sourceTree = "<group>";
		};
		4F7F778BA9B7B0078980C0F6 /* Authentication */ = {
			isa = PBXGroup;
			children = (
				4CD256CF9BC3BC42279F76A9 /* ViewModels */,
				F62C0A8F69AD20494B607452 /* Views */,
			);
			path = Authentication;
			sourceTree = "<group>";
		};
		599B79D47BA22CFF107DA836 /* Core */ = {
			isa = PBXGroup;
			children = (
				C27C9B9B4D3BDA10E01291A8 /* Components */,
				DEDD76842A04B179D7076429 /* Models */,
			);
			path = Core;
			sourceTree = "<group>";
		};
		686321BDC20E38690A83F158 /* Bookings */ = {
			isa = PBXGroup;
			children = (
				369E1C0CAF449D8BD0001120 /* ViewModels */,
				A1718AE760D8D9A266BC6463 /* Views */,
			);
			path = Bookings;
			sourceTree = "<group>";
		};
		6D5591AFD1405AF73DB2680C /* Root */ = {
			isa = PBXGroup;
			children = (
				0F0579006853CB0AC4C0FFC3 /* ContentView.swift */,
			);
			path = Root;
			sourceTree = "<group>";
		};
		78FEB944E329DC7D932014FC /* Supporting Files */ = {
			isa = PBXGroup;
			children = (
				4D49DFC82D2DC64D76C4F5C0 /* Info.plist */,
			);
			path = "Supporting Files";
			sourceTree = "<group>";
		};
		7FDF7154B12377D42BA254EA /* Services */ = {
			isa = PBXGroup;
			children = (
				2BD1F498E6DE3ACE1D07BE08 /* AuthenticationServiceTests.swift */,
				97EF2768ED534EDCF70DD64A /* BookingServiceTests.swift */,
			);
			path = Services;
			sourceTree = "<group>";
		};
		824E06D205438E24E7B068AE /* Home */ = {
			isa = PBXGroup;
			children = (
				0A9E7828323DDF8BCD5DB537 /* ViewModels */,
				4074748CA03DCCA03EDC58B4 /* Views */,
			);
			path = Home;
			sourceTree = "<group>";
		};
		93668CCAE447C4149C551837 /* Sources */ = {
			isa = PBXGroup;
			children = (
				24A0EBE60937D052295E10E3 /* Application */,
				599B79D47BA22CFF107DA836 /* Core */,
				CF51257CBAAA96A342FAEB63 /* Features */,
				E8A6D2AE2B7FA8BBD3CFAB28 /* Services */,
			);
			path = Sources;
			sourceTree = "<group>";
		};
		96C2742BF4E0C1DE5C07E391 /* CleanMate */ = {
			isa = PBXGroup;
			children = (
				93668CCAE447C4149C551837 /* Sources */,
				78FEB944E329DC7D932014FC /* Supporting Files */,
				D60659D7379D7B739B5F64BA /* LaunchScreen.storyboard */,
				221AF26DF02FAE94A200F166 /* Main.storyboard */,
			);
			path = CleanMate;
			sourceTree = "<group>";
		};
		A1718AE760D8D9A266BC6463 /* Views */ = {
			isa = PBXGroup;
			children = (
				D5ADC5A4CB24790080BFA186 /* BookingsView.swift */,
			);
			path = Views;
			sourceTree = "<group>";
		};
		AA5685413BBBB91736163277 /* CleanMateTests */ = {
			isa = PBXGroup;
			children = (
				7FDF7154B12377D42BA254EA /* Services */,
				047D0DBCCEB577919F87935E /* ViewModels */,
				CE3705F0B7D01A8344F0ED58 /* Info.plist */,
				7D8F1FF7BD4FB1B352006EFA /* TestHelpers.swift */,
			);
			path = CleanMateTests;
			sourceTree = "<group>";
		};
		AB1DE10CF913F2745A21CAB4 /* ViewModels */ = {
			isa = PBXGroup;
			children = (
				099AD9A3F3DF44BC52276660 /* PaymentViewModel.swift */,
			);
			path = ViewModels;
			sourceTree = "<group>";
		};
		BEF05BF24A0889F22D712D1D /* Views */ = {
			isa = PBXGroup;
			children = (
				FF601E2630FE70338D333F66 /* AddCardView.swift */,
				FB04D66DE2EC8E11613F8B2A /* PaymentView.swift */,
			);
			path = Views;
			sourceTree = "<group>";
		};
		C27C9B9B4D3BDA10E01291A8 /* Components */ = {
			isa = PBXGroup;
			children = (
				6A3F62F5D60E695F8821F1E8 /* CustomSecureField.swift */,
				A5A6027B37EB8CB444D94089 /* CustomTextField.swift */,
			);
			path = Components;
			sourceTree = "<group>";
		};
		CF51257CBAAA96A342FAEB63 /* Features */ = {
			isa = PBXGroup;
			children = (
				4F7F778BA9B7B0078980C0F6 /* Authentication */,
				686321BDC20E38690A83F158 /* Bookings */,
				824E06D205438E24E7B068AE /* Home */,
				2378CA1948622C443E5E535F /* Payment */,
				6D5591AFD1405AF73DB2680C /* Root */,
			);
			path = Features;
			sourceTree = "<group>";
		};
		D68FB7A74CDC345FB216971E /* Products */ = {
			isa = PBXGroup;
			children = (
				F8B8167867BCED6ECEB80708 /* CleanMate.app */,
				03D6ACE54E2140C9333920D4 /* CleanMateTests.xctest */,
				55670A759A494BCBBD9B9C11 /* CleanMateUITests.xctest */,
			);
			name = Products;
			sourceTree = "<group>";
		};
		DEDD76842A04B179D7076429 /* Models */ = {
			isa = PBXGroup;
			children = (
				574C1FF353DD077E22745528 /* AppState.swift */,
				AD3F5DAA4804A9D4A7240ED0 /* CleaningService.swift */,
			);
			path = Models;
			sourceTree = "<group>";
		};
		E8A6D2AE2B7FA8BBD3CFAB28 /* Services */ = {
			isa = PBXGroup;
			children = (
				8E6540BF938A4549BCADD70D /* AuthenticationService.swift */,
				4C62F298AA459C2922FD8304 /* BookingService.swift */,
			);
			path = Services;
			sourceTree = "<group>";
		};
		F62C0A8F69AD20494B607452 /* Views */ = {
			isa = PBXGroup;
			children = (
				1AFFAFD0E31D4708EABFFEC9 /* SignInView.swift */,
				F75012303D7A5DCCF9CB6CD7 /* SignUpView.swift */,
			);
			path = Views;
			sourceTree = "<group>";
		};
		FC0A4D91310E8636EE40ED81 /* Frameworks */ = {
			isa = PBXGroup;
			children = (
				0BA4490994FF3A80C9AE547E /* Pods_CleanMate.framework */,
				762DFB85AD42B278D4B13C1D /* Pods_CleanMateTests.framework */,
				FE525E3BD8F5933FEBFA207F /* Pods_CleanMateUITests.framework */,
			);
			name = Frameworks;
			sourceTree = "<group>";
		};
/* End PBXGroup section */

/* Begin PBXNativeTarget section */
		06C27E34622894600CC81FE7 /* CleanMate */ = {
			isa = PBXNativeTarget;
			buildConfigurationList = D20C9DB4059C10CBC871FDD6 /* Build configuration list for PBXNativeTarget "CleanMate" */;
			buildPhases = (
				5C862357F1E418B9DBEC39E1 /* [CP] Check Pods Manifest.lock */,
				481F85372DD4DF38598AF08A /* SwiftLint */,
				459C7185351A51D5901CE69D /* Sources */,
				A831CEC99313259735971C84 /* Resources */,
				56692A604A35EA1FC91477C1 /* Frameworks */,
				2A7217A5A86EB15A06318DB2 /* Firebase Crashlytics */,
				8CBE267A9E1D7CD552CE4DC6 /* [CP] Embed Pods Frameworks */,
			);
			buildRules = (
			);
			dependencies = (
			);
			name = CleanMate;
			packageProductDependencies = (
				211A795FD744303444C8ACAC /* FirebaseAnalytics */,
				489EB2BE142E6A8DC5BF953A /* FirebaseAnalyticsSwift */,
				9B3F2ACB6B9BB0FCAB85712F /* FirebaseAuth */,
				38DA2EE0A018E274B2BEE7C9 /* FirebaseFirestore */,
				3C98AFD87D98F5EAE86586F8 /* FirebaseFirestoreSwift */,
				DA7569F2639D3FC56FF9DDC9 /* FirebaseMessaging */,
				D0486E575CB6116A3FBE0225 /* SDWebImage */,
				B31B6A74DF19CC7654CD3D99 /* IQKeyboardManagerSwift */,
			);
			productName = CleanMate;
			productReference = F8B8167867BCED6ECEB80708 /* CleanMate.app */;
			productType = "com.apple.product-type.application";
		};
		4CA800CC9FCED8A4BF18FE29 /* CleanMateUITests */ = {
			isa = PBXNativeTarget;
			buildConfigurationList = C9FF3E5B77328E07DD0869B0 /* Build configuration list for PBXNativeTarget "CleanMateUITests" */;
			buildPhases = (
				14C0184D9F34D1CDF36FA021 /* [CP] Check Pods Manifest.lock */,
				8D206851B396E12658B496B2 /* Sources */,
				40CF80B5430D0D7F1AE705C8 /* Frameworks */,
			);
			buildRules = (
			);
			dependencies = (
				C5BA1DE2F3FD6982844151D4 /* PBXTargetDependency */,
			);
			name = CleanMateUITests;
			productName = CleanMateUITests;
			productReference = 55670A759A494BCBBD9B9C11 /* CleanMateUITests.xctest */;
			productType = "com.apple.product-type.bundle.ui-testing";
		};
		52C24E1E75A88DE746A24FA9 /* CleanMateTests */ = {
			isa = PBXNativeTarget;
			buildConfigurationList = E25241BF90C136491160390E /* Build configuration list for PBXNativeTarget "CleanMateTests" */;
			buildPhases = (
				A7DDD5591DEDD47D7270B00C /* [CP] Check Pods Manifest.lock */,
				BA720A0D83EBCB9EEDFD2405 /* Sources */,
				0913DD41BBD282ED84E14BA4 /* Frameworks */,
			);
			buildRules = (
			);
			dependencies = (
				BE3D48F4FE5D15CA657A9F30 /* PBXTargetDependency */,
			);
			name = CleanMateTests;
			packageProductDependencies = (
				05B3A26E8E77DD86EC721655 /* FirebaseAnalyticsSwift */,
				9A8DBB887E71AE3E84577646 /* FirebaseAuth */,
				B2AEBB2159B798E1D93A9262 /* FirebaseFirestore */,
				034AB5EBD708C57124412650 /* FirebaseFirestoreSwift */,
			);
			productName = CleanMateTests;
			productReference = 03D6ACE54E2140C9333920D4 /* CleanMateTests.xctest */;
			productType = "com.apple.product-type.bundle.unit-test";
		};
/* End PBXNativeTarget section */

/* Begin PBXProject section */
		2E2359248DF66FA10B5C0731 /* Project object */ = {
			isa = PBXProject;
			attributes = {
				BuildIndependentTargetsInParallel = YES;
				LastUpgradeCheck = 1400;
				TargetAttributes = {
					06C27E34622894600CC81FE7 = {
						ProvisioningStyle = Automatic;
					};
					4CA800CC9FCED8A4BF18FE29 = {
						TestTargetID = 06C27E34622894600CC81FE7;
					};
				};
			};
			buildConfigurationList = 6B8FBD994093CA9F72ED9BA6 /* Build configuration list for PBXProject "CleanMate" */;
			compatibilityVersion = "Xcode 14.0";
			developmentRegion = en;
			hasScannedForEncodings = 0;
			knownRegions = (
				Base,
				en,
			);
			mainGroup = 1ACF04CE58746470598D5BA8;
			packageReferences = (
				8154DD04414D6B610362C1DD /* XCRemoteSwiftPackageReference "firebase-ios-sdk" */,
				580326C61BF2D3CD2AA4CCBE /* XCRemoteSwiftPackageReference "IQKeyboardManager" */,
				BE0E3C3CAF7F8DD192317F9E /* XCRemoteSwiftPackageReference "SDWebImage" */,
			);
			productRefGroup = D68FB7A74CDC345FB216971E /* Products */;
			projectDirPath = "";
			projectRoot = "";
			targets = (
				06C27E34622894600CC81FE7 /* CleanMate */,
				52C24E1E75A88DE746A24FA9 /* CleanMateTests */,
				4CA800CC9FCED8A4BF18FE29 /* CleanMateUITests */,
			);
		};
/* End PBXProject section */

/* Begin PBXResourcesBuildPhase section */
		A831CEC99313259735971C84 /* Resources */ = {
			isa = PBXResourcesBuildPhase;
			buildActionMask = 2147483647;
			files = (
				A3E5B49D203546849C4B3486 /* LaunchScreen.storyboard in Resources */,
				5967EA284F08F4E56264599D /* Main.storyboard in Resources */,
			);
			runOnlyForDeploymentPostprocessing = 0;
		};
/* End PBXResourcesBuildPhase section */

/* Begin PBXShellScriptBuildPhase section */
		14C0184D9F34D1CDF36FA021 /* [CP] Check Pods Manifest.lock */ = {
			isa = PBXShellScriptBuildPhase;
			buildActionMask = 2147483647;
			files = (
			);
			inputFileListPaths = (
			);
			inputPaths = (
				"${PODS_PODFILE_DIR_PATH}/Podfile.lock",
				"${PODS_ROOT}/Manifest.lock",
			);
			name = "[CP] Check Pods Manifest.lock";
			outputFileListPaths = (
			);
			outputPaths = (
				"$(DERIVED_FILE_DIR)/Pods-CleanMateUITests-checkManifestLockResult.txt",
			);
			runOnlyForDeploymentPostprocessing = 0;
			shellPath = /bin/sh;
			shellScript = "diff \"${PODS_PODFILE_DIR_PATH}/Podfile.lock\" \"${PODS_ROOT}/Manifest.lock\" > /dev/null\nif [ $? != 0 ] ; then\n    # print error to STDERR\n    echo \"error: The sandbox is not in sync with the Podfile.lock. Run 'pod install' or update your CocoaPods installation.\" >&2\n    exit 1\nfi\n# This output is used by Xcode 'outputs' to avoid re-running this script phase.\necho \"SUCCESS\" > \"${SCRIPT_OUTPUT_FILE_0}\"\n";
			showEnvVarsInLog = 0;
		};
		2A7217A5A86EB15A06318DB2 /* Firebase Crashlytics */ = {
			isa = PBXShellScriptBuildPhase;
			buildActionMask = 2147483647;
			files = (
			);
			inputFileListPaths = (
			);
			inputPaths = (
				"${DWARF_DSYM_FOLDER_PATH}/${DWARF_DSYM_FILE_NAME}/Contents/Resources/DWARF/${TARGET_NAME}",
				"$(SRCROOT)/$(BUILT_PRODUCTS_DIR)/$(INFOPLIST_PATH)",
			);
			name = "Firebase Crashlytics";
			outputFileListPaths = (
			);
			outputPaths = (
			);
			runOnlyForDeploymentPostprocessing = 0;
			shellPath = /bin/sh;
			shellScript = "${BUILD_DIR%Build/*}SourcePackages/checkouts/firebase-ios-sdk/Crashlytics/run";
		};
		481F85372DD4DF38598AF08A /* SwiftLint */ = {
			isa = PBXShellScriptBuildPhase;
			buildActionMask = 2147483647;
			files = (
			);
			inputFileListPaths = (
			);
			inputPaths = (
			);
			name = SwiftLint;
			outputFileListPaths = (
			);
			outputPaths = (
			);
			runOnlyForDeploymentPostprocessing = 0;
			shellPath = /bin/sh;
			shellScript = "if which swiftlint >/dev/null; then\n  swiftlint\nelse\n  echo \"warning: SwiftLint not installed\"\nfi\n";
		};
		5C862357F1E418B9DBEC39E1 /* [CP] Check Pods Manifest.lock */ = {
			isa = PBXShellScriptBuildPhase;
			buildActionMask = 2147483647;
			files = (
			);
			inputFileListPaths = (
			);
			inputPaths = (
				"${PODS_PODFILE_DIR_PATH}/Podfile.lock",
				"${PODS_ROOT}/Manifest.lock",
			);
			name = "[CP] Check Pods Manifest.lock";
			outputFileListPaths = (
			);
			outputPaths = (
				"$(DERIVED_FILE_DIR)/Pods-CleanMate-checkManifestLockResult.txt",
			);
			runOnlyForDeploymentPostprocessing = 0;
			shellPath = /bin/sh;
			shellScript = "diff \"${PODS_PODFILE_DIR_PATH}/Podfile.lock\" \"${PODS_ROOT}/Manifest.lock\" > /dev/null\nif [ $? != 0 ] ; then\n    # print error to STDERR\n    echo \"error: The sandbox is not in sync with the Podfile.lock. Run 'pod install' or update your CocoaPods installation.\" >&2\n    exit 1\nfi\n# This output is used by Xcode 'outputs' to avoid re-running this script phase.\necho \"SUCCESS\" > \"${SCRIPT_OUTPUT_FILE_0}\"\n";
			showEnvVarsInLog = 0;
		};
		8CBE267A9E1D7CD552CE4DC6 /* [CP] Embed Pods Frameworks */ = {
			isa = PBXShellScriptBuildPhase;
			buildActionMask = 2147483647;
			files = (
			);
			inputFileListPaths = (
				"${PODS_ROOT}/Target Support Files/Pods-CleanMate/Pods-CleanMate-frameworks-${CONFIGURATION}-input-files.xcfilelist",
			);
			name = "[CP] Embed Pods Frameworks";
			outputFileListPaths = (
				"${PODS_ROOT}/Target Support Files/Pods-CleanMate/Pods-CleanMate-frameworks-${CONFIGURATION}-output-files.xcfilelist",
			);
			runOnlyForDeploymentPostprocessing = 0;
			shellPath = /bin/sh;
			shellScript = "\"${PODS_ROOT}/Target Support Files/Pods-CleanMate/Pods-CleanMate-frameworks.sh\"\n";
			showEnvVarsInLog = 0;
		};
		A7DDD5591DEDD47D7270B00C /* [CP] Check Pods Manifest.lock */ = {
			isa = PBXShellScriptBuildPhase;
			buildActionMask = 2147483647;
			files = (
			);
			inputFileListPaths = (
			);
			inputPaths = (
				"${PODS_PODFILE_DIR_PATH}/Podfile.lock",
				"${PODS_ROOT}/Manifest.lock",
			);
			name = "[CP] Check Pods Manifest.lock";
			outputFileListPaths = (
			);
			outputPaths = (
				"$(DERIVED_FILE_DIR)/Pods-CleanMateTests-checkManifestLockResult.txt",
			);
			runOnlyForDeploymentPostprocessing = 0;
			shellPath = /bin/sh;
			shellScript = "diff \"${PODS_PODFILE_DIR_PATH}/Podfile.lock\" \"${PODS_ROOT}/Manifest.lock\" > /dev/null\nif [ $? != 0 ] ; then\n    # print error to STDERR\n    echo \"error: The sandbox is not in sync with the Podfile.lock. Run 'pod install' or update your CocoaPods installation.\" >&2\n    exit 1\nfi\n# This output is used by Xcode 'outputs' to avoid re-running this script phase.\necho \"SUCCESS\" > \"${SCRIPT_OUTPUT_FILE_0}\"\n";
			showEnvVarsInLog = 0;
		};
/* End PBXShellScriptBuildPhase section */

/* Begin PBXSourcesBuildPhase section */
		459C7185351A51D5901CE69D /* Sources */ = {
			isa = PBXSourcesBuildPhase;
			buildActionMask = 2147483647;
			files = (
				B60452E54E2A63A6B489D7FA /* AddCardView.swift in Sources */,
				7FAEB3466A0C4FFD3BC041DA /* AddressFormView.swift in Sources */,
				07709118BD1B0BFFCB7FB713 /* AppDelegate.swift in Sources */,
				C2132C8C0C1B967010D53547 /* AppState.swift in Sources */,
				A429BF5A4B635F13C0860CDC /* AuthenticationService.swift in Sources */,
				1AB80E5C8EFB9B61458FC778 /* BookingService.swift in Sources */,
				8610B2BCCF845781EE066CEB /* BookingView.swift in Sources */,
				F873709A8BB19C047A12C767 /* BookingViewModel.swift in Sources */,
				AC00D6E066A767C450E790A7 /* BookingsView.swift in Sources */,
				53DB1F45EBDEDBD506781B22 /* BookingsViewModel.swift in Sources */,
				8B8C2FA44E8C42ED5A8CCFAA /* CleanMateApp.swift in Sources */,
				A756447C362CEBE2BC98C251 /* CleaningService.swift in Sources */,
				FF6E9C39EAF616605B4D8B87 /* ContentView.swift in Sources */,
				CC5F27EBC67B9F8E40831705 /* CustomSecureField.swift in Sources */,
				063B7ED7A558BAB3A4EDD9DC /* CustomTextField.swift in Sources */,
				D0DCE5829483ECC25148694F /* HomeView.swift in Sources */,
				854494BCAACA42255B3C63BE /* PaymentView.swift in Sources */,
				94343FF6F6F0A2D454E143C7 /* PaymentViewModel.swift in Sources */,
				722AE9432326C1DDD1722851 /* SceneDelegate.swift in Sources */,
				A4364957E1A74FFB71C6E549 /* SignInView.swift in Sources */,
				36144EE0817157B026D3E4F7 /* SignInViewModel.swift in Sources */,
				317E5D1595D80686A83D37F7 /* SignUpView.swift in Sources */,
				FDBCBAF1E85CF4AB82AB88BA /* SignUpViewModel.swift in Sources */,
			);
			runOnlyForDeploymentPostprocessing = 0;
		};
		8D206851B396E12658B496B2 /* Sources */ = {
			isa = PBXSourcesBuildPhase;
			buildActionMask = 2147483647;
			files = (
				F6215680FFCD8D8633A3B09F /* CleanMateUITests.swift in Sources */,
			);
			runOnlyForDeploymentPostprocessing = 0;
		};
		BA720A0D83EBCB9EEDFD2405 /* Sources */ = {
			isa = PBXSourcesBuildPhase;
			buildActionMask = 2147483647;
			files = (
				97590F460EFC17DF4D451A71 /* AuthenticationServiceTests.swift in Sources */,
				9797A6F6244AF1DA688A1D96 /* AuthenticationViewModelTests.swift in Sources */,
				5AB29E2F7516CD6E1D8C85BF /* BookingServiceTests.swift in Sources */,
				B06FAEB359244C18215CB473 /* BookingViewModelTests.swift in Sources */,
				6B9ADEE675832A4E5383DDB9 /* TestHelpers.swift in Sources */,
			);
			runOnlyForDeploymentPostprocessing = 0;
		};
/* End PBXSourcesBuildPhase section */

/* Begin PBXTargetDependency section */
		BE3D48F4FE5D15CA657A9F30 /* PBXTargetDependency */ = {
			isa = PBXTargetDependency;
			target = 06C27E34622894600CC81FE7 /* CleanMate */;
			targetProxy = FB90F3978AEA6EFA99884EB2 /* PBXContainerItemProxy */;
		};
		C5BA1DE2F3FD6982844151D4 /* PBXTargetDependency */ = {
			isa = PBXTargetDependency;
			target = 06C27E34622894600CC81FE7 /* CleanMate */;
			targetProxy = DCD34DFE9E7655773980D048 /* PBXContainerItemProxy */;
		};
/* End PBXTargetDependency section */

/* Begin PBXVariantGroup section */
		221AF26DF02FAE94A200F166 /* Main.storyboard */ = {
			isa = PBXVariantGroup;
			children = (
				CA1B85CC11CA83090BCC42BA /* Base */,
			);
			name = Main.storyboard;
			sourceTree = "<group>";
		};
		D60659D7379D7B739B5F64BA /* LaunchScreen.storyboard */ = {
			isa = PBXVariantGroup;
			children = (
				B4B15C27B01934DF7442D113 /* Base */,
			);
			name = LaunchScreen.storyboard;
			sourceTree = "<group>";
		};
/* End PBXVariantGroup section */

/* Begin XCBuildConfiguration section */
		1FE40173DC7D49F913B05811 /* Debug */ = {
			isa = XCBuildConfiguration;
			baseConfigurationReference = 87EB788E5548136F37D1DE87 /* Pods-CleanMate.debug.xcconfig */;
			buildSettings = {
				ASSETCATALOG_COMPILER_APPICON_NAME = AppIcon;
				CODE_SIGN_IDENTITY = "iPhone Developer";
				CODE_SIGN_STYLE = Automatic;
				DEVELOPMENT_TEAM = ZQ78724VB2;
				INFOPLIST_FILE = "CleanMate/Supporting Files/Info.plist";
				LD_RUNPATH_SEARCH_PATHS = (
					"$(inherited)",
					"@executable_path/Frameworks",
				);
				OTHER_LDFLAGS = (
					"$(inherited)",
					"-ObjC",
				);
				PRODUCT_BUNDLE_IDENTIFIER = com.cleanmate.app;
				SDKROOT = iphoneos;
				TARGETED_DEVICE_FAMILY = 1;
			};
			name = Debug;
		};
		3008D3E6C937BE9E8F1DFEC0 /* Debug */ = {
			isa = XCBuildConfiguration;
			baseConfigurationReference = 4AE0C49B9B1C7D130CF1290E /* Pods-CleanMateTests.debug.xcconfig */;
			buildSettings = {
				BUNDLE_LOADER = "$(TEST_HOST)";
				INFOPLIST_FILE = CleanMateTests/Info.plist;
				LD_RUNPATH_SEARCH_PATHS = (
					"$(inherited)",
					"@executable_path/Frameworks",
					"@loader_path/Frameworks",
				);
				PRODUCT_BUNDLE_IDENTIFIER = com.cleanmate.CleanMateTests;
				SDKROOT = iphoneos;
				TARGETED_DEVICE_FAMILY = "1,2";
				TEST_HOST = "$(BUILT_PRODUCTS_DIR)/CleanMate.app/CleanMate";
			};
			name = Debug;
		};
		5722719BFCE8ACB4FD11D003 /* Debug */ = {
			isa = XCBuildConfiguration;
			buildSettings = {
				ALWAYS_SEARCH_USER_PATHS = NO;
				CLANG_ANALYZER_NONNULL = YES;
				CLANG_ANALYZER_NUMBER_OBJECT_CONVERSION = YES_AGGRESSIVE;
				CLANG_CXX_LANGUAGE_STANDARD = "gnu++14";
				CLANG_CXX_LIBRARY = "libc++";
				CLANG_ENABLE_MODULES = YES;
				CLANG_ENABLE_OBJC_ARC = YES;
				CLANG_ENABLE_OBJC_WEAK = YES;
				CLANG_WARN_BLOCK_CAPTURE_AUTORELEASING = YES;
				CLANG_WARN_BOOL_CONVERSION = YES;
				CLANG_WARN_COMMA = YES;
				CLANG_WARN_CONSTANT_CONVERSION = YES;
				CLANG_WARN_DEPRECATED_OBJC_IMPLEMENTATIONS = YES;
				CLANG_WARN_DIRECT_OBJC_ISA_USAGE = YES_ERROR;
				CLANG_WARN_DOCUMENTATION_COMMENTS = YES;
				CLANG_WARN_EMPTY_BODY = YES;
				CLANG_WARN_ENUM_CONVERSION = YES;
				CLANG_WARN_INFINITE_RECURSION = YES;
				CLANG_WARN_INT_CONVERSION = YES;
				CLANG_WARN_NON_LITERAL_NULL_CONVERSION = YES;
				CLANG_WARN_OBJC_IMPLICIT_RETAIN_SELF = YES;
				CLANG_WARN_OBJC_LITERAL_CONVERSION = YES;
				CLANG_WARN_OBJC_ROOT_CLASS = YES_ERROR;
				CLANG_WARN_QUOTED_INCLUDE_IN_FRAMEWORK_HEADER = YES;
				CLANG_WARN_RANGE_LOOP_ANALYSIS = YES;
				CLANG_WARN_STRICT_PROTOTYPES = YES;
				CLANG_WARN_SUSPICIOUS_MOVE = YES;
				CLANG_WARN_UNGUARDED_AVAILABILITY = YES_AGGRESSIVE;
				CLANG_WARN_UNREACHABLE_CODE = YES;
				CLANG_WARN__DUPLICATE_METHOD_MATCH = YES;
				COPY_PHASE_STRIP = NO;
				DEBUG_INFORMATION_FORMAT = dwarf;
				ENABLE_STRICT_OBJC_MSGSEND = YES;
				ENABLE_TESTABILITY = YES;
				GCC_C_LANGUAGE_STANDARD = gnu11;
				GCC_DYNAMIC_NO_PIC = NO;
				GCC_NO_COMMON_BLOCKS = YES;
				GCC_OPTIMIZATION_LEVEL = 0;
				GCC_PREPROCESSOR_DEFINITIONS = (
					"$(inherited)",
					"DEBUG=1",
				);
				GCC_WARN_64_TO_32_BIT_CONVERSION = YES;
				GCC_WARN_ABOUT_RETURN_TYPE = YES_ERROR;
				GCC_WARN_UNDECLARED_SELECTOR = YES;
				GCC_WARN_UNINITIALIZED_AUTOS = YES_AGGRESSIVE;
				GCC_WARN_UNUSED_FUNCTION = YES;
				GCC_WARN_UNUSED_VARIABLE = YES;
				IPHONEOS_DEPLOYMENT_TARGET = 15.0;
				MTL_ENABLE_DEBUG_INFO = INCLUDE_SOURCE;
				MTL_FAST_MATH = YES;
				ONLY_ACTIVE_ARCH = YES;
				PRODUCT_NAME = "$(TARGET_NAME)";
				SDKROOT = iphoneos;
				SWIFT_ACTIVE_COMPILATION_CONDITIONS = DEBUG;
				SWIFT_OPTIMIZATION_LEVEL = "-Onone";
				SWIFT_VERSION = 5.0;
			};
			name = Debug;
		};
		7BECCE509E8AE16B201445B9 /* Release */ = {
			isa = XCBuildConfiguration;
			baseConfigurationReference = 41B9B2BB66AA087ADF6328BB /* Pods-CleanMate.release.xcconfig */;
			buildSettings = {
				ASSETCATALOG_COMPILER_APPICON_NAME = AppIcon;
				CODE_SIGN_IDENTITY = "iPhone Developer";
				CODE_SIGN_STYLE = Automatic;
				DEVELOPMENT_TEAM = ZQ78724VB2;
				INFOPLIST_FILE = "CleanMate/Supporting Files/Info.plist";
				LD_RUNPATH_SEARCH_PATHS = (
					"$(inherited)",
					"@executable_path/Frameworks",
				);
				OTHER_LDFLAGS = (
					"$(inherited)",
					"-ObjC",
				);
				PRODUCT_BUNDLE_IDENTIFIER = com.cleanmate.app;
				SDKROOT = iphoneos;
				TARGETED_DEVICE_FAMILY = 1;
			};
			name = Release;
		};
		91642F6A61B5E6C0361E8597 /* Debug */ = {
			isa = XCBuildConfiguration;
			baseConfigurationReference = E414A03D81B95368B662973C /* Pods-CleanMateUITests.debug.xcconfig */;
			buildSettings = {
				BUNDLE_LOADER = "$(TEST_HOST)";
				INFOPLIST_FILE = CleanMateUITests/Info.plist;
				LD_RUNPATH_SEARCH_PATHS = (
					"$(inherited)",
					"@executable_path/Frameworks",
					"@loader_path/Frameworks",
				);
				PRODUCT_BUNDLE_IDENTIFIER = com.cleanmate.CleanMateUITests;
				SDKROOT = iphoneos;
				TARGETED_DEVICE_FAMILY = "1,2";
				TEST_TARGET_NAME = CleanMate;
			};
			name = Debug;
		};
		964423D535898F6F882EA0FF /* Release */ = {
			isa = XCBuildConfiguration;
			baseConfigurationReference = 840EE1D72DE69C3BBC48F9D4 /* Pods-CleanMateUITests.release.xcconfig */;
			buildSettings = {
				BUNDLE_LOADER = "$(TEST_HOST)";
				INFOPLIST_FILE = CleanMateUITests/Info.plist;
				LD_RUNPATH_SEARCH_PATHS = (
					"$(inherited)",
					"@executable_path/Frameworks",
					"@loader_path/Frameworks",
				);
				PRODUCT_BUNDLE_IDENTIFIER = com.cleanmate.CleanMateUITests;
				SDKROOT = iphoneos;
				TARGETED_DEVICE_FAMILY = "1,2";
				TEST_TARGET_NAME = CleanMate;
			};
			name = Release;
		};
		D7562FC02BA8C633E6B1E1C6 /* Release */ = {
			isa = XCBuildConfiguration;
			baseConfigurationReference = FCA5C1993C566D7F0500E2CD /* Pods-CleanMateTests.release.xcconfig */;
			buildSettings = {
				BUNDLE_LOADER = "$(TEST_HOST)";
				INFOPLIST_FILE = CleanMateTests/Info.plist;
				LD_RUNPATH_SEARCH_PATHS = (
					"$(inherited)",
					"@executable_path/Frameworks",
					"@loader_path/Frameworks",
				);
				PRODUCT_BUNDLE_IDENTIFIER = com.cleanmate.CleanMateTests;
				SDKROOT = iphoneos;
				TARGETED_DEVICE_FAMILY = "1,2";
				TEST_HOST = "$(BUILT_PRODUCTS_DIR)/CleanMate.app/CleanMate";
			};
			name = Release;
		};
		F882014FE7CA2599A53A1C32 /* Release */ = {
			isa = XCBuildConfiguration;
			buildSettings = {
				ALWAYS_SEARCH_USER_PATHS = NO;
				CLANG_ANALYZER_NONNULL = YES;
				CLANG_ANALYZER_NUMBER_OBJECT_CONVERSION = YES_AGGRESSIVE;
				CLANG_CXX_LANGUAGE_STANDARD = "gnu++14";
				CLANG_CXX_LIBRARY = "libc++";
				CLANG_ENABLE_MODULES = YES;
				CLANG_ENABLE_OBJC_ARC = YES;
				CLANG_ENABLE_OBJC_WEAK = YES;
				CLANG_WARN_BLOCK_CAPTURE_AUTORELEASING = YES;
				CLANG_WARN_BOOL_CONVERSION = YES;
				CLANG_WARN_COMMA = YES;
				CLANG_WARN_CONSTANT_CONVERSION = YES;
				CLANG_WARN_DEPRECATED_OBJC_IMPLEMENTATIONS = YES;
				CLANG_WARN_DIRECT_OBJC_ISA_USAGE = YES_ERROR;
				CLANG_WARN_DOCUMENTATION_COMMENTS = YES;
				CLANG_WARN_EMPTY_BODY = YES;
				CLANG_WARN_ENUM_CONVERSION = YES;
				CLANG_WARN_INFINITE_RECURSION = YES;
				CLANG_WARN_INT_CONVERSION = YES;
				CLANG_WARN_NON_LITERAL_NULL_CONVERSION = YES;
				CLANG_WARN_OBJC_IMPLICIT_RETAIN_SELF = YES;
				CLANG_WARN_OBJC_LITERAL_CONVERSION = YES;
				CLANG_WARN_OBJC_ROOT_CLASS = YES_ERROR;
				CLANG_WARN_QUOTED_INCLUDE_IN_FRAMEWORK_HEADER = YES;
				CLANG_WARN_RANGE_LOOP_ANALYSIS = YES;
				CLANG_WARN_STRICT_PROTOTYPES = YES;
				CLANG_WARN_SUSPICIOUS_MOVE = YES;
				CLANG_WARN_UNGUARDED_AVAILABILITY = YES_AGGRESSIVE;
				CLANG_WARN_UNREACHABLE_CODE = YES;
				CLANG_WARN__DUPLICATE_METHOD_MATCH = YES;
				COPY_PHASE_STRIP = NO;
				DEBUG_INFORMATION_FORMAT = "dwarf-with-dsym";
				ENABLE_NS_ASSERTIONS = NO;
				ENABLE_STRICT_OBJC_MSGSEND = YES;
				GCC_C_LANGUAGE_STANDARD = gnu11;
				GCC_NO_COMMON_BLOCKS = YES;
				GCC_WARN_64_TO_32_BIT_CONVERSION = YES;
				GCC_WARN_ABOUT_RETURN_TYPE = YES_ERROR;
				GCC_WARN_UNDECLARED_SELECTOR = YES;
				GCC_WARN_UNINITIALIZED_AUTOS = YES_AGGRESSIVE;
				GCC_WARN_UNUSED_FUNCTION = YES;
				GCC_WARN_UNUSED_VARIABLE = YES;
				IPHONEOS_DEPLOYMENT_TARGET = 15.0;
				MTL_ENABLE_DEBUG_INFO = NO;
				MTL_FAST_MATH = YES;
				PRODUCT_NAME = "$(TARGET_NAME)";
				SDKROOT = iphoneos;
				SWIFT_COMPILATION_MODE = wholemodule;
				SWIFT_OPTIMIZATION_LEVEL = "-O";
				SWIFT_VERSION = 5.0;
			};
			name = Release;
		};
/* End XCBuildConfiguration section */

/* Begin XCConfigurationList section */
		6B8FBD994093CA9F72ED9BA6 /* Build configuration list for PBXProject "CleanMate" */ = {
			isa = XCConfigurationList;
			buildConfigurations = (
				5722719BFCE8ACB4FD11D003 /* Debug */,
				F882014FE7CA2599A53A1C32 /* Release */,
			);
			defaultConfigurationIsVisible = 0;
			defaultConfigurationName = Debug;
		};
		C9FF3E5B77328E07DD0869B0 /* Build configuration list for PBXNativeTarget "CleanMateUITests" */ = {
			isa = XCConfigurationList;
			buildConfigurations = (
				91642F6A61B5E6C0361E8597 /* Debug */,
				964423D535898F6F882EA0FF /* Release */,
			);
			defaultConfigurationIsVisible = 0;
			defaultConfigurationName = Debug;
		};
		D20C9DB4059C10CBC871FDD6 /* Build configuration list for PBXNativeTarget "CleanMate" */ = {
			isa = XCConfigurationList;
			buildConfigurations = (
				1FE40173DC7D49F913B05811 /* Debug */,
				7BECCE509E8AE16B201445B9 /* Release */,
			);
			defaultConfigurationIsVisible = 0;
			defaultConfigurationName = Debug;
		};
		E25241BF90C136491160390E /* Build configuration list for PBXNativeTarget "CleanMateTests" */ = {
			isa = XCConfigurationList;
			buildConfigurations = (
				3008D3E6C937BE9E8F1DFEC0 /* Debug */,
				D7562FC02BA8C633E6B1E1C6 /* Release */,
			);
			defaultConfigurationIsVisible = 0;
			defaultConfigurationName = Debug;
		};
/* End XCConfigurationList section */

/* Begin XCRemoteSwiftPackageReference section */
		580326C61BF2D3CD2AA4CCBE /* XCRemoteSwiftPackageReference "IQKeyboardManager" */ = {
			isa = XCRemoteSwiftPackageReference;
			repositoryURL = "https://github.com/hackiftekhar/IQKeyboardManager.git";
			requirement = {
				kind = upToNextMajorVersion;
				minimumVersion = 6.5.0;
			};
		};
		8154DD04414D6B610362C1DD /* XCRemoteSwiftPackageReference "firebase-ios-sdk" */ = {
			isa = XCRemoteSwiftPackageReference;
			repositoryURL = "https://github.com/firebase/firebase-ios-sdk.git";
			requirement = {
				kind = upToNextMajorVersion;
				minimumVersion = 10.0.0;
			};
		};
		BE0E3C3CAF7F8DD192317F9E /* XCRemoteSwiftPackageReference "SDWebImage" */ = {
			isa = XCRemoteSwiftPackageReference;
			repositoryURL = "https://github.com/SDWebImage/SDWebImage.git";
			requirement = {
				kind = upToNextMajorVersion;
				minimumVersion = 5.0.0;
			};
		};
/* End XCRemoteSwiftPackageReference section */

/* Begin XCSwiftPackageProductDependency section */
		034AB5EBD708C57124412650 /* FirebaseFirestoreSwift */ = {
			isa = XCSwiftPackageProductDependency;
			package = 8154DD04414D6B610362C1DD /* XCRemoteSwiftPackageReference "firebase-ios-sdk" */;
			productName = FirebaseFirestoreSwift;
		};
		05B3A26E8E77DD86EC721655 /* FirebaseAnalyticsSwift */ = {
			isa = XCSwiftPackageProductDependency;
			package = 8154DD04414D6B610362C1DD /* XCRemoteSwiftPackageReference "firebase-ios-sdk" */;
			productName = FirebaseAnalyticsSwift;
		};
		211A795FD744303444C8ACAC /* FirebaseAnalytics */ = {
			isa = XCSwiftPackageProductDependency;
			package = 8154DD04414D6B610362C1DD /* XCRemoteSwiftPackageReference "firebase-ios-sdk" */;
			productName = FirebaseAnalytics;
		};
		38DA2EE0A018E274B2BEE7C9 /* FirebaseFirestore */ = {
			isa = XCSwiftPackageProductDependency;
			package = 8154DD04414D6B610362C1DD /* XCRemoteSwiftPackageReference "firebase-ios-sdk" */;
			productName = FirebaseFirestore;
		};
		3C98AFD87D98F5EAE86586F8 /* FirebaseFirestoreSwift */ = {
			isa = XCSwiftPackageProductDependency;
			package = 8154DD04414D6B610362C1DD /* XCRemoteSwiftPackageReference "firebase-ios-sdk" */;
			productName = FirebaseFirestoreSwift;
		};
		489EB2BE142E6A8DC5BF953A /* FirebaseAnalyticsSwift */ = {
			isa = XCSwiftPackageProductDependency;
			package = 8154DD04414D6B610362C1DD /* XCRemoteSwiftPackageReference "firebase-ios-sdk" */;
			productName = FirebaseAnalyticsSwift;
		};
		9A8DBB887E71AE3E84577646 /* FirebaseAuth */ = {
			isa = XCSwiftPackageProductDependency;
			package = 8154DD04414D6B610362C1DD /* XCRemoteSwiftPackageReference "firebase-ios-sdk" */;
			productName = FirebaseAuth;
		};
		9B3F2ACB6B9BB0FCAB85712F /* FirebaseAuth */ = {
			isa = XCSwiftPackageProductDependency;
			package = 8154DD04414D6B610362C1DD /* XCRemoteSwiftPackageReference "firebase-ios-sdk" */;
			productName = FirebaseAuth;
		};
		B2AEBB2159B798E1D93A9262 /* FirebaseFirestore */ = {
			isa = XCSwiftPackageProductDependency;
			package = 8154DD04414D6B610362C1DD /* XCRemoteSwiftPackageReference "firebase-ios-sdk" */;
			productName = FirebaseFirestore;
		};
		B31B6A74DF19CC7654CD3D99 /* IQKeyboardManagerSwift */ = {
			isa = XCSwiftPackageProductDependency;
			package = 580326C61BF2D3CD2AA4CCBE /* XCRemoteSwiftPackageReference "IQKeyboardManager" */;
			productName = IQKeyboardManagerSwift;
		};
		D0486E575CB6116A3FBE0225 /* SDWebImage */ = {
			isa = XCSwiftPackageProductDependency;
			package = BE0E3C3CAF7F8DD192317F9E /* XCRemoteSwiftPackageReference "SDWebImage" */;
			productName = SDWebImage;
		};
		DA7569F2639D3FC56FF9DDC9 /* FirebaseMessaging */ = {
			isa = XCSwiftPackageProductDependency;
			package = 8154DD04414D6B610362C1DD /* XCRemoteSwiftPackageReference "firebase-ios-sdk" */;
			productName = FirebaseMessaging;
		};
/* End XCSwiftPackageProductDependency section */
	};
	rootObject = 2E2359248DF66FA10B5C0731 /* Project object */;
}
